// !$*UTF8*$!
{
	archiveVersion = 1;
	classes = {
	};
	objectVersion = 55;
	objects = {

/* Begin PBXBuildFile section */
		BA81DD572701092E0092FFB5 /* AppDelegate.swift in Sources */ = {isa = PBXBuildFile; fileRef = BA81DD562701092E0092FFB5 /* AppDelegate.swift */; };
		BA81DD592701092E0092FFB5 /* SceneDelegate.swift in Sources */ = {isa = PBXBuildFile; fileRef = BA81DD582701092E0092FFB5 /* SceneDelegate.swift */; };
		BA81DD5E2701092E0092FFB5 /* Main.storyboard in Resources */ = {isa = PBXBuildFile; fileRef = BA81DD5C2701092E0092FFB5 /* Main.storyboard */; };
		BA81DD60270109310092FFB5 /* Assets.xcassets in Resources */ = {isa = PBXBuildFile; fileRef = BA81DD5F270109310092FFB5 /* Assets.xcassets */; };
		BA81DD63270109310092FFB5 /* LaunchScreen.storyboard in Resources */ = {isa = PBXBuildFile; fileRef = BA81DD61270109310092FFB5 /* LaunchScreen.storyboard */; };
		BA81DD6B27010A450092FFB5 /* ContactsTableViewController.swift in Sources */ = {isa = PBXBuildFile; fileRef = BA81DD6A27010A450092FFB5 /* ContactsTableViewController.swift */; };
		BA81DD6F27010AA30092FFB5 /* Contact.swift in Sources */ = {isa = PBXBuildFile; fileRef = BA81DD6E27010AA30092FFB5 /* Contact.swift */; };
		BA81DD7327010C120092FFB5 /* UIVIew - Extensions.swift in Sources */ = {isa = PBXBuildFile; fileRef = BA81DD7227010C120092FFB5 /* UIVIew - Extensions.swift */; };
		BA81DD7A2701142A0092FFB5 /* DetailTableViewController.swift in Sources */ = {isa = PBXBuildFile; fileRef = BA81DD792701142A0092FFB5 /* DetailTableViewController.swift */; };
		BA81DD7C2701C8130092FFB5 /* BlueEditTableViewController.swift in Sources */ = {isa = PBXBuildFile; fileRef = BA81DD7B2701C8130092FFB5 /* BlueEditTableViewController.swift */; };
		BA81DD7E2701F0B10092FFB5 /* RedEditTableViewController.swift in Sources */ = {isa = PBXBuildFile; fileRef = BA81DD7D2701F0B10092FFB5 /* RedEditTableViewController.swift */; };
		BA81DD802702140E0092FFB5 /* GreenEditTableViewController.swift in Sources */ = {isa = PBXBuildFile; fileRef = BA81DD7F2702140E0092FFB5 /* GreenEditTableViewController.swift */; };
		BA81DD8227022ED30092FFB5 /* YellowEditTableViewController.swift in Sources */ = {isa = PBXBuildFile; fileRef = BA81DD8127022ED30092FFB5 /* YellowEditTableViewController.swift */; };
		BA81DD8527023E030092FFB5 /* OrangeEditTableViewController.swift in Sources */ = {isa = PBXBuildFile; fileRef = BA81DD8427023E030092FFB5 /* OrangeEditTableViewController.swift */; };
		BA81DD882702562E0092FFB5 /* StateManager.swift in Sources */ = {isa = PBXBuildFile; fileRef = BA81DD872702562E0092FFB5 /* StateManager.swift */; };
/* End PBXBuildFile section */

/* Begin PBXFileReference section */
		BA81DD532701092E0092FFB5 /* DataTransfer.app */ = {isa = PBXFileReference; explicitFileType = wrapper.application; includeInIndex = 0; path = DataTransfer.app; sourceTree = BUILT_PRODUCTS_DIR; };
		BA81DD562701092E0092FFB5 /* AppDelegate.swift */ = {isa = PBXFileReference; lastKnownFileType = sourcecode.swift; path = AppDelegate.swift; sourceTree = "<group>"; };
		BA81DD582701092E0092FFB5 /* SceneDelegate.swift */ = {isa = PBXFileReference; lastKnownFileType = sourcecode.swift; path = SceneDelegate.swift; sourceTree = "<group>"; };
		BA81DD5D2701092E0092FFB5 /* Base */ = {isa = PBXFileReference; lastKnownFileType = file.storyboard; name = Base; path = Base.lproj/Main.storyboard; sourceTree = "<group>"; };
		BA81DD5F270109310092FFB5 /* Assets.xcassets */ = {isa = PBXFileReference; lastKnownFileType = folder.assetcatalog; path = Assets.xcassets; sourceTree = "<group>"; };
		BA81DD62270109310092FFB5 /* Base */ = {isa = PBXFileReference; lastKnownFileType = file.storyboard; name = Base; path = Base.lproj/LaunchScreen.storyboard; sourceTree = "<group>"; };
		BA81DD64270109310092FFB5 /* Info.plist */ = {isa = PBXFileReference; lastKnownFileType = text.plist.xml; path = Info.plist; sourceTree = "<group>"; };
		BA81DD6A27010A450092FFB5 /* ContactsTableViewController.swift */ = {isa = PBXFileReference; lastKnownFileType = sourcecode.swift; path = ContactsTableViewController.swift; sourceTree = "<group>"; };
		BA81DD6E27010AA30092FFB5 /* Contact.swift */ = {isa = PBXFileReference; lastKnownFileType = sourcecode.swift; path = Contact.swift; sourceTree = "<group>"; };
		BA81DD7227010C120092FFB5 /* UIVIew - Extensions.swift */ = {isa = PBXFileReference; lastKnownFileType = sourcecode.swift; path = "UIVIew - Extensions.swift"; sourceTree = "<group>"; };
		BA81DD792701142A0092FFB5 /* DetailTableViewController.swift */ = {isa = PBXFileReference; lastKnownFileType = sourcecode.swift; path = DetailTableViewController.swift; sourceTree = "<group>"; };
		BA81DD7B2701C8130092FFB5 /* BlueEditTableViewController.swift */ = {isa = PBXFileReference; lastKnownFileType = sourcecode.swift; path = BlueEditTableViewController.swift; sourceTree = "<group>"; };
		BA81DD7D2701F0B10092FFB5 /* RedEditTableViewController.swift */ = {isa = PBXFileReference; lastKnownFileType = sourcecode.swift; path = RedEditTableViewController.swift; sourceTree = "<group>"; };
		BA81DD7F2702140E0092FFB5 /* GreenEditTableViewController.swift */ = {isa = PBXFileReference; lastKnownFileType = sourcecode.swift; path = GreenEditTableViewController.swift; sourceTree = "<group>"; };
		BA81DD8127022ED30092FFB5 /* YellowEditTableViewController.swift */ = {isa = PBXFileReference; lastKnownFileType = sourcecode.swift; path = YellowEditTableViewController.swift; sourceTree = "<group>"; };
		BA81DD8427023E030092FFB5 /* OrangeEditTableViewController.swift */ = {isa = PBXFileReference; lastKnownFileType = sourcecode.swift; path = OrangeEditTableViewController.swift; sourceTree = "<group>"; };
		BA81DD872702562E0092FFB5 /* StateManager.swift */ = {isa = PBXFileReference; lastKnownFileType = sourcecode.swift; path = StateManager.swift; sourceTree = "<group>"; };
/* End PBXFileReference section */

/* Begin PBXFrameworksBuildPhase section */
		BA81DD502701092E0092FFB5 /* Frameworks */ = {
			isa = PBXFrameworksBuildPhase;
			buildActionMask = 2147483647;
			files = (
			);
			runOnlyForDeploymentPostprocessing = 0;
		};
/* End PBXFrameworksBuildPhase section */

/* Begin PBXGroup section */
		BA81DD4A2701092D0092FFB5 = {
			isa = PBXGroup;
			children = (
				BA81DD552701092E0092FFB5 /* DataTransfer */,
				BA81DD542701092E0092FFB5 /* Products */,
			);
			sourceTree = "<group>";
		};
		BA81DD542701092E0092FFB5 /* Products */ = {
			isa = PBXGroup;
			children = (
				BA81DD532701092E0092FFB5 /* DataTransfer.app */,
			);
			name = Products;
			sourceTree = "<group>";
		};
		BA81DD552701092E0092FFB5 /* DataTransfer */ = {
			isa = PBXGroup;
			children = (
				BA81DD562701092E0092FFB5 /* AppDelegate.swift */,
				BA81DD582701092E0092FFB5 /* SceneDelegate.swift */,
				BA81DD6D27010A8F0092FFB5 /* Models */,
				BA81DD86270256070092FFB5 /* Managers */,
				BA81DD6C27010A6F0092FFB5 /* Controllers */,
				BA81DD7027010AC30092FFB5 /* Storyboards */,
				BA81DD7127010BD80092FFB5 /* Views */,
				BA81DD5F270109310092FFB5 /* Assets.xcassets */,
				BA81DD64270109310092FFB5 /* Info.plist */,
			);
			path = DataTransfer;
			sourceTree = "<group>";
		};
		BA81DD6C27010A6F0092FFB5 /* Controllers */ = {
			isa = PBXGroup;
			children = (
				BA81DD6A27010A450092FFB5 /* ContactsTableViewController.swift */,
				BA81DD792701142A0092FFB5 /* DetailTableViewController.swift */,
				BA81DD8327022EF00092FFB5 /* Edit */,
			);
			path = Controllers;
			sourceTree = "<group>";
		};
		BA81DD6D27010A8F0092FFB5 /* Models */ = {
			isa = PBXGroup;
			children = (
				BA81DD6E27010AA30092FFB5 /* Contact.swift */,
			);
			path = Models;
			sourceTree = "<group>";
		};
		BA81DD7027010AC30092FFB5 /* Storyboards */ = {
			isa = PBXGroup;
			children = (
				BA81DD5C2701092E0092FFB5 /* Main.storyboard */,
				BA81DD61270109310092FFB5 /* LaunchScreen.storyboard */,
			);
			path = Storyboards;
			sourceTree = "<group>";
		};
		BA81DD7127010BD80092FFB5 /* Views */ = {
			isa = PBXGroup;
			children = (
				BA81DD7227010C120092FFB5 /* UIVIew - Extensions.swift */,
			);
			path = Views;
			sourceTree = "<group>";
		};
		BA81DD8327022EF00092FFB5 /* Edit */ = {
			isa = PBXGroup;
			children = (
				BA81DD7B2701C8130092FFB5 /* BlueEditTableViewController.swift */,
				BA81DD8427023E030092FFB5 /* OrangeEditTableViewController.swift */,
				BA81DD8127022ED30092FFB5 /* YellowEditTableViewController.swift */,
				BA81DD7D2701F0B10092FFB5 /* RedEditTableViewController.swift */,
				BA81DD7F2702140E0092FFB5 /* GreenEditTableViewController.swift */,
			);
			path = Edit;
			sourceTree = "<group>";
		};
		BA81DD86270256070092FFB5 /* Managers */ = {
			isa = PBXGroup;
			children = (
				BA81DD872702562E0092FFB5 /* StateManager.swift */,
			);
			path = Managers;
			sourceTree = "<group>";
		};
/* End PBXGroup section */

/* Begin PBXNativeTarget section */
		BA81DD522701092E0092FFB5 /* DataTransfer */ = {
			isa = PBXNativeTarget;
			buildConfigurationList = BA81DD67270109310092FFB5 /* Build configuration list for PBXNativeTarget "DataTransfer" */;
			buildPhases = (
				BA81DD4F2701092E0092FFB5 /* Sources */,
				BA81DD502701092E0092FFB5 /* Frameworks */,
				BA81DD512701092E0092FFB5 /* Resources */,
			);
			buildRules = (
			);
			dependencies = (
			);
			name = DataTransfer;
			productName = DataTransfer;
			productReference = BA81DD532701092E0092FFB5 /* DataTransfer.app */;
			productType = "com.apple.product-type.application";
		};
/* End PBXNativeTarget section */

/* Begin PBXProject section */
		BA81DD4B2701092D0092FFB5 /* Project object */ = {
			isa = PBXProject;
			attributes = {
				BuildIndependentTargetsInParallel = 1;
				LastSwiftUpdateCheck = 1300;
				LastUpgradeCheck = 1300;
				TargetAttributes = {
					BA81DD522701092E0092FFB5 = {
						CreatedOnToolsVersion = 13.0;
					};
				};
			};
			buildConfigurationList = BA81DD4E2701092D0092FFB5 /* Build configuration list for PBXProject "DataTransfer" */;
			compatibilityVersion = "Xcode 13.0";
			developmentRegion = en;
			hasScannedForEncodings = 0;
			knownRegions = (
				en,
				Base,
			);
			mainGroup = BA81DD4A2701092D0092FFB5;
			productRefGroup = BA81DD542701092E0092FFB5 /* Products */;
			projectDirPath = "";
			projectRoot = "";
			targets = (
				BA81DD522701092E0092FFB5 /* DataTransfer */,
			);
		};
/* End PBXProject section */

/* Begin PBXResourcesBuildPhase section */
		BA81DD512701092E0092FFB5 /* Resources */ = {
			isa = PBXResourcesBuildPhase;
			buildActionMask = 2147483647;
			files = (
				BA81DD63270109310092FFB5 /* LaunchScreen.storyboard in Resources */,
				BA81DD60270109310092FFB5 /* Assets.xcassets in Resources */,
				BA81DD5E2701092E0092FFB5 /* Main.storyboard in Resources */,
			);
			runOnlyForDeploymentPostprocessing = 0;
		};
/* End PBXResourcesBuildPhase section */

/* Begin PBXSourcesBuildPhase section */
		BA81DD4F2701092E0092FFB5 /* Sources */ = {
			isa = PBXSourcesBuildPhase;
			buildActionMask = 2147483647;
			files = (
				BA81DD7A2701142A0092FFB5 /* DetailTableViewController.swift in Sources */,
				BA81DD8227022ED30092FFB5 /* YellowEditTableViewController.swift in Sources */,
				BA81DD6F27010AA30092FFB5 /* Contact.swift in Sources */,
				BA81DD572701092E0092FFB5 /* AppDelegate.swift in Sources */,
				BA81DD8527023E030092FFB5 /* OrangeEditTableViewController.swift in Sources */,
				BA81DD7C2701C8130092FFB5 /* BlueEditTableViewController.swift in Sources */,
				BA81DD7327010C120092FFB5 /* UIVIew - Extensions.swift in Sources */,
				BA81DD7E2701F0B10092FFB5 /* RedEditTableViewController.swift in Sources */,
				BA81DD592701092E0092FFB5 /* SceneDelegate.swift in Sources */,
				BA81DD882702562E0092FFB5 /* StateManager.swift in Sources */,
				BA81DD6B27010A450092FFB5 /* ContactsTableViewController.swift in Sources */,
				BA81DD802702140E0092FFB5 /* GreenEditTableViewController.swift in Sources */,
			);
			runOnlyForDeploymentPostprocessing = 0;
		};
/* End PBXSourcesBuildPhase section */

/* Begin PBXVariantGroup section */
		BA81DD5C2701092E0092FFB5 /* Main.storyboard */ = {
			isa = PBXVariantGroup;
			children = (
				BA81DD5D2701092E0092FFB5 /* Base */,
			);
			name = Main.storyboard;
			sourceTree = "<group>";
		};
		BA81DD61270109310092FFB5 /* LaunchScreen.storyboard */ = {
			isa = PBXVariantGroup;
			children = (
				BA81DD62270109310092FFB5 /* Base */,
			);
			name = LaunchScreen.storyboard;
			sourceTree = "<group>";
		};
/* End PBXVariantGroup section */

/* Begin XCBuildConfiguration section */
		BA81DD65270109310092FFB5 /* Debug */ = {
			isa = XCBuildConfiguration;
			buildSettings = {
				ALWAYS_SEARCH_USER_PATHS = NO;
				CLANG_ANALYZER_NONNULL = YES;
				CLANG_ANALYZER_NUMBER_OBJECT_CONVERSION = YES_AGGRESSIVE;
				CLANG_CXX_LANGUAGE_STANDARD = "gnu++17";
				CLANG_CXX_LIBRARY = "libc++";
				CLANG_ENABLE_MODULES = YES;
				CLANG_ENABLE_OBJC_ARC = YES;
				CLANG_ENABLE_OBJC_WEAK = YES;
				CLANG_WARN_BLOCK_CAPTURE_AUTORELEASING = YES;
				CLANG_WARN_BOOL_CONVERSION = YES;
				CLANG_WARN_COMMA = YES;
				CLANG_WARN_CONSTANT_CONVERSION = YES;
				CLANG_WARN_DEPRECATED_OBJC_IMPLEMENTATIONS = YES;
				CLANG_WARN_DIRECT_OBJC_ISA_USAGE = YES_ERROR;
				CLANG_WARN_DOCUMENTATION_COMMENTS = YES;
				CLANG_WARN_EMPTY_BODY = YES;
				CLANG_WARN_ENUM_CONVERSION = YES;
				CLANG_WARN_INFINITE_RECURSION = YES;
				CLANG_WARN_INT_CONVERSION = YES;
				CLANG_WARN_NON_LITERAL_NULL_CONVERSION = YES;
				CLANG_WARN_OBJC_IMPLICIT_RETAIN_SELF = YES;
				CLANG_WARN_OBJC_LITERAL_CONVERSION = YES;
				CLANG_WARN_OBJC_ROOT_CLASS = YES_ERROR;
				CLANG_WARN_QUOTED_INCLUDE_IN_FRAMEWORK_HEADER = YES;
				CLANG_WARN_RANGE_LOOP_ANALYSIS = YES;
				CLANG_WARN_STRICT_PROTOTYPES = YES;
				CLANG_WARN_SUSPICIOUS_MOVE = YES;
				CLANG_WARN_UNGUARDED_AVAILABILITY = YES_AGGRESSIVE;
				CLANG_WARN_UNREACHABLE_CODE = YES;
				CLANG_WARN__DUPLICATE_METHOD_MATCH = YES;
				COPY_PHASE_STRIP = NO;
				DEBUG_INFORMATION_FORMAT = dwarf;
				ENABLE_STRICT_OBJC_MSGSEND = YES;
				ENABLE_TESTABILITY = YES;
				GCC_C_LANGUAGE_STANDARD = gnu11;
				GCC_DYNAMIC_NO_PIC = NO;
				GCC_NO_COMMON_BLOCKS = YES;
				GCC_OPTIMIZATION_LEVEL = 0;
				GCC_PREPROCESSOR_DEFINITIONS = (
					"DEBUG=1",
					"$(inherited)",
				);
				GCC_WARN_64_TO_32_BIT_CONVERSION = YES;
				GCC_WARN_ABOUT_RETURN_TYPE = YES_ERROR;
				GCC_WARN_UNDECLARED_SELECTOR = YES;
				GCC_WARN_UNINITIALIZED_AUTOS = YES_AGGRESSIVE;
				GCC_WARN_UNUSED_FUNCTION = YES;
				GCC_WARN_UNUSED_VARIABLE = YES;
				IPHONEOS_DEPLOYMENT_TARGET = 15.0;
				MTL_ENABLE_DEBUG_INFO = INCLUDE_SOURCE;
				MTL_FAST_MATH = YES;
				ONLY_ACTIVE_ARCH = YES;
				SDKROOT = iphoneos;
				SWIFT_ACTIVE_COMPILATION_CONDITIONS = DEBUG;
				SWIFT_OPTIMIZATION_LEVEL = "-Onone";
			};
			name = Debug;
		};
		BA81DD66270109310092FFB5 /* Release */ = {
			isa = XCBuildConfiguration;
			buildSettings = {
				ALWAYS_SEARCH_USER_PATHS = NO;
				CLANG_ANALYZER_NONNULL = YES;
				CLANG_ANALYZER_NUMBER_OBJECT_CONVERSION = YES_AGGRESSIVE;
				CLANG_CXX_LANGUAGE_STANDARD = "gnu++17";
				CLANG_CXX_LIBRARY = "libc++";
				CLANG_ENABLE_MODULES = YES;
				CLANG_ENABLE_OBJC_ARC = YES;
				CLANG_ENABLE_OBJC_WEAK = YES;
				CLANG_WARN_BLOCK_CAPTURE_AUTORELEASING = YES;
				CLANG_WARN_BOOL_CONVERSION = YES;
				CLANG_WARN_COMMA = YES;
				CLANG_WARN_CONSTANT_CONVERSION = YES;
				CLANG_WARN_DEPRECATED_OBJC_IMPLEMENTATIONS = YES;
				CLANG_WARN_DIRECT_OBJC_ISA_USAGE = YES_ERROR;
				CLANG_WARN_DOCUMENTATION_COMMENTS = YES;
				CLANG_WARN_EMPTY_BODY = YES;
				CLANG_WARN_ENUM_CONVERSION = YES;
				CLANG_WARN_INFINITE_RECURSION = YES;
				CLANG_WARN_INT_CONVERSION = YES;
				CLANG_WARN_NON_LITERAL_NULL_CONVERSION = YES;
				CLANG_WARN_OBJC_IMPLICIT_RETAIN_SELF = YES;
				CLANG_WARN_OBJC_LITERAL_CONVERSION = YES;
				CLANG_WARN_OBJC_ROOT_CLASS = YES_ERROR;
				CLANG_WARN_QUOTED_INCLUDE_IN_FRAMEWORK_HEADER = YES;
				CLANG_WARN_RANGE_LOOP_ANALYSIS = YES;
				CLANG_WARN_STRICT_PROTOTYPES = YES;
				CLANG_WARN_SUSPICIOUS_MOVE = YES;
				CLANG_WARN_UNGUARDED_AVAILABILITY = YES_AGGRESSIVE;
				CLANG_WARN_UNREACHABLE_CODE = YES;
				CLANG_WARN__DUPLICATE_METHOD_MATCH = YES;
				COPY_PHASE_STRIP = NO;
				DEBUG_INFORMATION_FORMAT = "dwarf-with-dsym";
				ENABLE_NS_ASSERTIONS = NO;
				ENABLE_STRICT_OBJC_MSGSEND = YES;
				GCC_C_LANGUAGE_STANDARD = gnu11;
				GCC_NO_COMMON_BLOCKS = YES;
				GCC_WARN_64_TO_32_BIT_CONVERSION = YES;
				GCC_WARN_ABOUT_RETURN_TYPE = YES_ERROR;
				GCC_WARN_UNDECLARED_SELECTOR = YES;
				GCC_WARN_UNINITIALIZED_AUTOS = YES_AGGRESSIVE;
				GCC_WARN_UNUSED_FUNCTION = YES;
				GCC_WARN_UNUSED_VARIABLE = YES;
				IPHONEOS_DEPLOYMENT_TARGET = 15.0;
				MTL_ENABLE_DEBUG_INFO = NO;
				MTL_FAST_MATH = YES;
				SDKROOT = iphoneos;
				SWIFT_COMPILATION_MODE = wholemodule;
				SWIFT_OPTIMIZATION_LEVEL = "-O";
				VALIDATE_PRODUCT = YES;
			};
			name = Release;
		};
		BA81DD68270109310092FFB5 /* Debug */ = {
			isa = XCBuildConfiguration;
			buildSettings = {
				ASSETCATALOG_COMPILER_APPICON_NAME = AppIcon;
				ASSETCATALOG_COMPILER_GLOBAL_ACCENT_COLOR_NAME = AccentColor;
				CODE_SIGN_STYLE = Automatic;
				CURRENT_PROJECT_VERSION = 1;
				GENERATE_INFOPLIST_FILE = YES;
				INFOPLIST_FILE = DataTransfer/Info.plist;
				INFOPLIST_KEY_UIApplicationSupportsIndirectInputEvents = YES;
				INFOPLIST_KEY_UILaunchStoryboardName = LaunchScreen;
				INFOPLIST_KEY_UIMainStoryboardFile = Main;
				INFOPLIST_KEY_UISupportedInterfaceOrientations_iPad = "UIInterfaceOrientationPortrait UIInterfaceOrientationPortraitUpsideDown UIInterfaceOrientationLandscapeLeft UIInterfaceOrientationLandscapeRight";
				INFOPLIST_KEY_UISupportedInterfaceOrientations_iPhone = "UIInterfaceOrientationPortrait UIInterfaceOrientationLandscapeLeft UIInterfaceOrientationLandscapeRight";
				LD_RUNPATH_SEARCH_PATHS = (
					"$(inherited)",
					"@executable_path/Frameworks",
				);
				MARKETING_VERSION = 1.0;
				PRODUCT_BUNDLE_IDENTIFIER = com.ewen.DataTransfer;
				PRODUCT_NAME = "$(TARGET_NAME)";
				SWIFT_EMIT_LOC_STRINGS = YES;
				SWIFT_VERSION = 5.0;
				TARGETED_DEVICE_FAMILY = "1,2";
			};
			name = Debug;
		};
		BA81DD69270109310092FFB5 /* Release */ = {
			isa = XCBuildConfiguration;
			buildSettings = {
				ASSETCATALOG_COMPILER_APPICON_NAME = AppIcon;
				ASSETCATALOG_COMPILER_GLOBAL_ACCENT_COLOR_NAME = AccentColor;
				CODE_SIGN_STYLE = Automatic;
				CURRENT_PROJECT_VERSION = 1;
				GENERATE_INFOPLIST_FILE = YES;
				INFOPLIST_FILE = DataTransfer/Info.plist;
				INFOPLIST_KEY_UIApplicationSupportsIndirectInputEvents = YES;
				INFOPLIST_KEY_UILaunchStoryboardName = LaunchScreen;
				INFOPLIST_KEY_UIMainStoryboardFile = Main;
				INFOPLIST_KEY_UISupportedInterfaceOrientations_iPad = "UIInterfaceOrientationPortrait UIInterfaceOrientationPortraitUpsideDown UIInterfaceOrientationLandscapeLeft UIInterfaceOrientationLandscapeRight";
				INFOPLIST_KEY_UISupportedInterfaceOrientations_iPhone = "UIInterfaceOrientationPortrait UIInterfaceOrientationLandscapeLeft UIInterfaceOrientationLandscapeRight";
				LD_RUNPATH_SEARCH_PATHS = (
					"$(inherited)",
					"@executable_path/Frameworks",
				);
				MARKETING_VERSION = 1.0;
				PRODUCT_BUNDLE_IDENTIFIER = com.ewen.DataTransfer;
				PRODUCT_NAME = "$(TARGET_NAME)";
				SWIFT_EMIT_LOC_STRINGS = YES;
				SWIFT_VERSION = 5.0;
				TARGETED_DEVICE_FAMILY = "1,2";
			};
			name = Release;
		};
/* End XCBuildConfiguration section */

/* Begin XCConfigurationList section */
		BA81DD4E2701092D0092FFB5 /* Build configuration list for PBXProject "DataTransfer" */ = {
			isa = XCConfigurationList;
			buildConfigurations = (
				BA81DD65270109310092FFB5 /* Debug */,
				BA81DD66270109310092FFB5 /* Release */,
			);
			defaultConfigurationIsVisible = 0;
			defaultConfigurationName = Release;
		};
		BA81DD67270109310092FFB5 /* Build configuration list for PBXNativeTarget "DataTransfer" */ = {
			isa = XCConfigurationList;
			buildConfigurations = (
				BA81DD68270109310092FFB5 /* Debug */,
				BA81DD69270109310092FFB5 /* Release */,
			);
			defaultConfigurationIsVisible = 0;
			defaultConfigurationName = Release;
		};
/* End XCConfigurationList section */
	};
	rootObject = BA81DD4B2701092D0092FFB5 /* Project object */;
}
